
Microsoft Visual Studio Solution File, Format Version 12.00
# Visual Studio Version 17
VisualStudioVersion = 17.13.35913.81 d17.13
MinimumVisualStudioVersion = 10.0.40219.1
Project("{FAE04EC0-301F-11D3-BF4B-00C04F79EFBC}") = "SIC_And_SICXE", "SIC_And_SICXE\SIC_And_SICXE.csproj", "{09497412-96D4-4CBB-B22F-B8B6770D7642}"
EndProject
Global
	GlobalSection(SolutionConfigurationPlatforms) = preSolution
		Debug|Any CPU = Debug|Any CPU
		Release|Any CPU = Release|Any CPU
	EndGlobalSection
	GlobalSection(ProjectConfigurationPlatforms) = postSolution
		{09497412-96D4-4CBB-B22F-B8B6770D7642}.Debug|Any CPU.ActiveCfg = Debug|Any CPU
		{09497412-96D4-4CBB-B22F-B8B6770D7642}.Debug|Any CPU.Build.0 = Debug|Any CPU
		{09497412-96D4-4CBB-B22F-B8B6770D7642}.Release|Any CPU.ActiveCfg = Release|Any CPU
		{09497412-96D4-4CBB-B22F-B8B6770D7642}.Release|Any CPU.Build.0 = Release|Any CPU
	EndGlobalSection
	GlobalSection(SolutionProperties) = preSolution
		HideSolutionNode = FALSE
	EndGlobalSection
	GlobalSection(ExtensibilityGlobals) = postSolution
		SolutionGuid = {CF6F7EC7-7819-4B1D-AD26-A291FA896C04}
	EndGlobalSection
EndGlobal
